
Microsoft Visual Studio Solution File, Format Version 12.00
# Visual Studio Version 16
VisualStudioVersion = 25.0.1705.4
MinimumVisualStudioVersion = 10.0.40219.1
Project("{FAE04EC0-301F-11D3-BF4B-00C04F79EFBC}") = "CulqiNet", "CulqiNet\CulqiNet.csproj", "{6DDF7022-594D-42A0-9F2F-8286C782A012}"
EndProject
Project("{FAE04EC0-301F-11D3-BF4B-00C04F79EFBC}") = "Pruebas", "Pruebas\Pruebas.csproj", "{F32609F9-9FE7-43FE-9818-35107ECEC6D3}"
EndProject
Global
	GlobalSection(SolutionConfigurationPlatforms) = preSolution
		Debug|Any CPU = Debug|Any CPU
		Release|Any CPU = Release|Any CPU
	EndGlobalSection
	GlobalSection(ProjectConfigurationPlatforms) = postSolution
		{6DDF7022-594D-42A0-9F2F-8286C782A012}.Debug|Any CPU.ActiveCfg = Debug|Any CPU
		{6DDF7022-594D-42A0-9F2F-8286C782A012}.Debug|Any CPU.Build.0 = Debug|Any CPU
		{6DDF7022-594D-42A0-9F2F-8286C782A012}.Release|Any CPU.ActiveCfg = Release|Any CPU
		{6DDF7022-594D-42A0-9F2F-8286C782A012}.Release|Any CPU.Build.0 = Release|Any CPU
		{F32609F9-9FE7-43FE-9818-35107ECEC6D3}.Debug|Any CPU.ActiveCfg = Debug|Any CPU
		{F32609F9-9FE7-43FE-9818-35107ECEC6D3}.Debug|Any CPU.Build.0 = Debug|Any CPU
		{F32609F9-9FE7-43FE-9818-35107ECEC6D3}.Release|Any CPU.ActiveCfg = Release|Any CPU
		{F32609F9-9FE7-43FE-9818-35107ECEC6D3}.Release|Any CPU.Build.0 = Release|Any CPU
	EndGlobalSection
	GlobalSection(SolutionProperties) = preSolution
		HideSolutionNode = FALSE
	EndGlobalSection
	GlobalSection(ExtensibilityGlobals) = postSolution
		SolutionGuid = {64EE4C24-5CE0-4DCC-A6D6-86BABBA92FA1}
	EndGlobalSection
EndGlobal
